// !$*UTF8*$!
{
	archiveVersion = 1;
	classes = {
	};
	objectVersion = 48;
	objects = {

/* Begin PBXBuildFile section */
		435E4367206D1B5A009E0530 /* AppDelegate.swift in Sources */ = {isa = PBXBuildFile; fileRef = 435E4366206D1B5A009E0530 /* AppDelegate.swift */; };
		435E4369206D1B5A009E0530 /* ViewController.swift in Sources */ = {isa = PBXBuildFile; fileRef = 435E4368206D1B5A009E0530 /* ViewController.swift */; };
		435E436C206D1B5A009E0530 /* Main.storyboard in Resources */ = {isa = PBXBuildFile; fileRef = 435E436A206D1B5A009E0530 /* Main.storyboard */; };
		435E436F206D1B5A009E0530 /* CalAgeApp.xcdatamodeld in Sources */ = {isa = PBXBuildFile; fileRef = 435E436D206D1B5A009E0530 /* CalAgeApp.xcdatamodeld */; };
		435E4371206D1B5A009E0530 /* Assets.xcassets in Resources */ = {isa = PBXBuildFile; fileRef = 435E4370206D1B5A009E0530 /* Assets.xcassets */; };
		435E4374206D1B5A009E0530 /* LaunchScreen.storyboard in Resources */ = {isa = PBXBuildFile; fileRef = 435E4372206D1B5A009E0530 /* LaunchScreen.storyboard */; };
/* End PBXBuildFile section */

/* Begin PBXFileReference section */
		435E4363206D1B5A009E0530 /* CalAgeApp.app */ = {isa = PBXFileReference; explicitFileType = wrapper.application; includeInIndex = 0; path = CalAgeApp.app; sourceTree = BUILT_PRODUCTS_DIR; };
		435E4366206D1B5A009E0530 /* AppDelegate.swift */ = {isa = PBXFileReference; lastKnownFileType = sourcecode.swift; path = AppDelegate.swift; sourceTree = "<group>"; };
		435E4368206D1B5A009E0530 /* ViewController.swift */ = {isa = PBXFileReference; lastKnownFileType = sourcecode.swift; path = ViewController.swift; sourceTree = "<group>"; };
		435E436B206D1B5A009E0530 /* Base */ = {isa = PBXFileReference; lastKnownFileType = file.storyboard; name = Base; path = Base.lproj/Main.storyboard; sourceTree = "<group>"; };
		435E436E206D1B5A009E0530 /* CalAgeApp.xcdatamodel */ = {isa = PBXFileReference; lastKnownFileType = wrapper.xcdatamodel; path = CalAgeApp.xcdatamodel; sourceTree = "<group>"; };
		435E4370206D1B5A009E0530 /* Assets.xcassets */ = {isa = PBXFileReference; lastKnownFileType = folder.assetcatalog; path = Assets.xcassets; sourceTree = "<group>"; };
		435E4373206D1B5A009E0530 /* Base */ = {isa = PBXFileReference; lastKnownFileType = file.storyboard; name = Base; path = Base.lproj/LaunchScreen.storyboard; sourceTree = "<group>"; };
		435E4375206D1B5A009E0530 /* Info.plist */ = {isa = PBXFileReference; lastKnownFileType = text.plist.xml; path = Info.plist; sourceTree = "<group>"; };
/* End PBXFileReference section */

/* Begin PBXFrameworksBuildPhase section */
		435E4360206D1B5A009E0530 /* Frameworks */ = {
			isa = PBXFrameworksBuildPhase;
			buildActionMask = 2147483647;
			files = (
			);
			runOnlyForDeploymentPostprocessing = 0;
		};
/* End PBXFrameworksBuildPhase section */

/* Begin PBXGroup section */
		435E435A206D1B5A009E0530 = {
			isa = PBXGroup;
			children = (
				435E4365206D1B5A009E0530 /* CalAgeApp */,
				435E4364206D1B5A009E0530 /* Products */,
			);
			sourceTree = "<group>";
		};
		435E4364206D1B5A009E0530 /* Products */ = {
			isa = PBXGroup;
			children = (
				435E4363206D1B5A009E0530 /* CalAgeApp.app */,
			);
			name = Products;
			sourceTree = "<group>";
		};
		435E4365206D1B5A009E0530 /* CalAgeApp */ = {
			isa = PBXGroup;
			children = (
				435E4366206D1B5A009E0530 /* AppDelegate.swift */,
				435E4368206D1B5A009E0530 /* ViewController.swift */,
				435E436A206D1B5A009E0530 /* Main.storyboard */,
				435E4370206D1B5A009E0530 /* Assets.xcassets */,
				435E4372206D1B5A009E0530 /* LaunchScreen.storyboard */,
				435E4375206D1B5A009E0530 /* Info.plist */,
				435E436D206D1B5A009E0530 /* CalAgeApp.xcdatamodeld */,
			);
			path = CalAgeApp;
			sourceTree = "<group>";
		};
/* End PBXGroup section */

/* Begin PBXNativeTarget section */
		435E4362206D1B5A009E0530 /* CalAgeApp */ = {
			isa = PBXNativeTarget;
			buildConfigurationList = 435E4378206D1B5A009E0530 /* Build configuration list for PBXNativeTarget "CalAgeApp" */;
			buildPhases = (
				435E435F206D1B5A009E0530 /* Sources */,
				435E4360206D1B5A009E0530 /* Frameworks */,
				435E4361206D1B5A009E0530 /* Resources */,
			);
			buildRules = (
			);
			dependencies = (
			);
			name = CalAgeApp;
			productName = CalAgeApp;
			productReference = 435E4363206D1B5A009E0530 /* CalAgeApp.app */;
			productType = "com.apple.product-type.application";
		};
/* End PBXNativeTarget section */

/* Begin PBXProject section */
		435E435B206D1B5A009E0530 /* Project object */ = {
			isa = PBXProject;
			attributes = {
				LastSwiftUpdateCheck = 0900;
				LastUpgradeCheck = 0900;
				ORGANIZATIONNAME = marwa;
				TargetAttributes = {
					435E4362206D1B5A009E0530 = {
						CreatedOnToolsVersion = 9.0;
						ProvisioningStyle = Automatic;
					};
				};
			};
			buildConfigurationList = 435E435E206D1B5A009E0530 /* Build configuration list for PBXProject "CalAgeApp" */;
			compatibilityVersion = "Xcode 8.0";
			developmentRegion = en;
			hasScannedForEncodings = 0;
			knownRegions = (
				en,
				Base,
			);
			mainGroup = 435E435A206D1B5A009E0530;
			productRefGroup = 435E4364206D1B5A009E0530 /* Products */;
			projectDirPath = "";
			projectRoot = "";
			targets = (
				435E4362206D1B5A009E0530 /* CalAgeApp */,
			);
		};
/* End PBXProject section */

/* Begin PBXResourcesBuildPhase section */
		435E4361206D1B5A009E0530 /* Resources */ = {
			isa = PBXResourcesBuildPhase;
			buildActionMask = 2147483647;
			files = (
				435E4374206D1B5A009E0530 /* LaunchScreen.storyboard in Resources */,
				435E4371206D1B5A009E0530 /* Assets.xcassets in Resources */,
				435E436C206D1B5A009E0530 /* Main.storyboard in Resources */,
			);
			runOnlyForDeploymentPostprocessing = 0;
		};
/* End PBXResourcesBuildPhase section */

/* Begin PBXSourcesBuildPhase section */
		435E435F206D1B5A009E0530 /* Sources */ = {
			isa = PBXSourcesBuildPhase;
			buildActionMask = 2147483647;
			files = (
				435E4369206D1B5A009E0530 /* ViewController.swift in Sources */,
				435E4367206D1B5A009E0530 /* AppDelegate.swift in Sources */,
				435E436F206D1B5A009E0530 /* CalAgeApp.xcdatamodeld in Sources */,
			);
			runOnlyForDeploymentPostprocessing = 0;
		};
/* End PBXSourcesBuildPhase section */

/* Begin PBXVariantGroup section */
		435E436A206D1B5A009E0530 /* Main.storyboard */ = {
			isa = PBXVariantGroup;
			children = (
				435E436B206D1B5A009E0530 /* Base */,
			);
			name = Main.storyboard;
			sourceTree = "<group>";
		};
		435E4372206D1B5A009E0530 /* LaunchScreen.storyboard */ = {
			isa = PBXVariantGroup;
			children = (
				435E4373206D1B5A009E0530 /* Base */,
			);
			name = LaunchScreen.storyboard;
			sourceTree = "<group>";
		};
/* End PBXVariantGroup section */

/* Begin XCBuildConfiguration section */
		435E4376206D1B5A009E0530 /* Debug */ = {
			isa = XCBuildConfiguration;
			buildSettings = {
				ALWAYS_SEARCH_USER_PATHS = NO;
				CLANG_ANALYZER_NONNULL = YES;
				CLANG_ANALYZER_NUMBER_OBJECT_CONVERSION = YES_AGGRESSIVE;
				CLANG_CXX_LANGUAGE_STANDARD = "gnu++14";
				CLANG_CXX_LIBRARY = "libc++";
				CLANG_ENABLE_MODULES = YES;
				CLANG_ENABLE_OBJC_ARC = YES;
				CLANG_WARN_BLOCK_CAPTURE_AUTORELEASING = YES;
				CLANG_WARN_BOOL_CONVERSION = YES;
				CLANG_WARN_COMMA = YES;
				CLANG_WARN_CONSTANT_CONVERSION = YES;
				CLANG_WARN_DIRECT_OBJC_ISA_USAGE = YES_ERROR;
				CLANG_WARN_DOCUMENTATION_COMMENTS = YES;
				CLANG_WARN_EMPTY_BODY = YES;
				CLANG_WARN_ENUM_CONVERSION = YES;
				CLANG_WARN_INFINITE_RECURSION = YES;
				CLANG_WARN_INT_CONVERSION = YES;
				CLANG_WARN_NON_LITERAL_NULL_CONVERSION = YES;
				CLANG_WARN_OBJC_LITERAL_CONVERSION = YES;
				CLANG_WARN_OBJC_ROOT_CLASS = YES_ERROR;
				CLANG_WARN_RANGE_LOOP_ANALYSIS = YES;
				CLANG_WARN_STRICT_PROTOTYPES = YES;
				CLANG_WARN_SUSPICIOUS_MOVE = YES;
				CLANG_WARN_UNGUARDED_AVAILABILITY = YES_AGGRESSIVE;
				CLANG_WARN_UNREACHABLE_CODE = YES;
				CLANG_WARN__DUPLICATE_METHOD_MATCH = YES;
				CODE_SIGN_IDENTITY = "iPhone Developer";
				COPY_PHASE_STRIP = NO;
				DEBUG_INFORMATION_FORMAT = dwarf;
				ENABLE_STRICT_OBJC_MSGSEND = YES;
				ENABLE_TESTABILITY = YES;
				GCC_C_LANGUAGE_STANDARD = gnu11;
				GCC_DYNAMIC_NO_PIC = NO;
				GCC_NO_COMMON_BLOCKS = YES;
				GCC_OPTIMIZATION_LEVEL = 0;
				GCC_PREPROCESSOR_DEFINITIONS = (
					"DEBUG=1",
					"$(inherited)",
				);
				GCC_WARN_64_TO_32_BIT_CONVERSION = YES;
				GCC_WARN_ABOUT_RETURN_TYPE = YES_ERROR;
				GCC_WARN_UNDECLARED_SELECTOR = YES;
				GCC_WARN_UNINITIALIZED_AUTOS = YES_AGGRESSIVE;
				GCC_WARN_UNUSED_FUNCTION = YES;
				GCC_WARN_UNUSED_VARIABLE = YES;
				IPHONEOS_DEPLOYMENT_TARGET = 11.0;
				MTL_ENABLE_DEBUG_INFO = YES;
				ONLY_ACTIVE_ARCH = YES;
				SDKROOT = iphoneos;
				SWIFT_ACTIVE_COMPILATION_CONDITIONS = DEBUG;
				SWIFT_OPTIMIZATION_LEVEL = "-Onone";
			};
			name = Debug;
		};
		435E4377206D1B5A009E0530 /* Release */ = {
			isa = XCBuildConfiguration;
			buildSettings = {
				ALWAYS_SEARCH_USER_PATHS = NO;
				CLANG_ANALYZER_NONNULL = YES;
				CLANG_ANALYZER_NUMBER_OBJECT_CONVERSION = YES_AGGRESSIVE;
				CLANG_CXX_LANGUAGE_STANDARD = "gnu++14";
				CLANG_CXX_LIBRARY = "libc++";
				CLANG_ENABLE_MODULES = YES;
				CLANG_ENABLE_OBJC_ARC = YES;
				CLANG_WARN_BLOCK_CAPTURE_AUTORELEASING = YES;
				CLANG_WARN_BOOL_CONVERSION = YES;
				CLANG_WARN_COMMA = YES;
				CLANG_WARN_CONSTANT_CONVERSION = YES;
				CLANG_WARN_DIRECT_OBJC_ISA_USAGE = YES_ERROR;
				CLANG_WARN_DOCUMENTATION_COMMENTS = YES;
				CLANG_WARN_EMPTY_BODY = YES;
				CLANG_WARN_ENUM_CONVERSION = YES;
				CLANG_WARN_INFINITE_RECURSION = YES;
				CLANG_WARN_INT_CONVERSION = YES;
				CLANG_WARN_NON_LITERAL_NULL_CONVERSION = YES;
				CLANG_WARN_OBJC_LITERAL_CONVERSION = YES;
				CLANG_WARN_OBJC_ROOT_CLASS = YES_ERROR;
				CLANG_WARN_RANGE_LOOP_ANALYSIS = YES;
				CLANG_WARN_STRICT_PROTOTYPES = YES;
				CLANG_WARN_SUSPICIOUS_MOVE = YES;
				CLANG_WARN_UNGUARDED_AVAILABILITY = YES_AGGRESSIVE;
				CLANG_WARN_UNREACHABLE_CODE = YES;
				CLANG_WARN__DUPLICATE_METHOD_MATCH = YES;
				CODE_SIGN_IDENTITY = "iPhone Developer";
				COPY_PHASE_STRIP = NO;
				DEBUG_INFORMATION_FORMAT = "dwarf-with-dsym";
				ENABLE_NS_ASSERTIONS = NO;
				ENABLE_STRICT_OBJC_MSGSEND = YES;
				GCC_C_LANGUAGE_STANDARD = gnu11;
				GCC_NO_COMMON_BLOCKS = YES;
				GCC_WARN_64_TO_32_BIT_CONVERSION = YES;
				GCC_WARN_ABOUT_RETURN_TYPE = YES_ERROR;
				GCC_WARN_UNDECLARED_SELECTOR = YES;
				GCC_WARN_UNINITIALIZED_AUTOS = YES_AGGRESSIVE;
				GCC_WARN_UNUSED_FUNCTION = YES;
				GCC_WARN_UNUSED_VARIABLE = YES;
				IPHONEOS_DEPLOYMENT_TARGET = 11.0;
				MTL_ENABLE_DEBUG_INFO = NO;
				SDKROOT = iphoneos;
				SWIFT_OPTIMIZATION_LEVEL = "-Owholemodule";
				VALIDATE_PRODUCT = YES;
			};
			name = Release;
		};
		435E4379206D1B5A009E0530 /* Debug */ = {
			isa = XCBuildConfiguration;
			buildSettings = {
				ASSETCATALOG_COMPILER_APPICON_NAME = AppIcon;
				CODE_SIGN_STYLE = Automatic;
				INFOPLIST_FILE = CalAgeApp/Info.plist;
				LD_RUNPATH_SEARCH_PATHS = "$(inherited) @executable_path/Frameworks";
				PRODUCT_BUNDLE_IDENTIFIER = edu.self.CalAgeApp;
				PRODUCT_NAME = "$(TARGET_NAME)";
				SWIFT_VERSION = 4.0;
				TARGETED_DEVICE_FAMILY = "1,2";
			};
			name = Debug;
		};
		435E437A206D1B5A009E0530 /* Release */ = {
			isa = XCBuildConfiguration;
			buildSettings = {
				ASSETCATALOG_COMPILER_APPICON_NAME = AppIcon;
				CODE_SIGN_STYLE = Automatic;
				INFOPLIST_FILE = CalAgeApp/Info.plist;
				LD_RUNPATH_SEARCH_PATHS = "$(inherited) @executable_path/Frameworks";
				PRODUCT_BUNDLE_IDENTIFIER = edu.self.CalAgeApp;
				PRODUCT_NAME = "$(TARGET_NAME)";
				SWIFT_VERSION = 4.0;
				TARGETED_DEVICE_FAMILY = "1,2";
			};
			name = Release;
		};
/* End XCBuildConfiguration section */

/* Begin XCConfigurationList section */
		435E435E206D1B5A009E0530 /* Build configuration list for PBXProject "CalAgeApp" */ = {
			isa = XCConfigurationList;
			buildConfigurations = (
				435E4376206D1B5A009E0530 /* Debug */,
				435E4377206D1B5A009E0530 /* Release */,
			);
			defaultConfigurationIsVisible = 0;
			defaultConfigurationName = Release;
		};
		435E4378206D1B5A009E0530 /* Build configuration list for PBXNativeTarget "CalAgeApp" */ = {
			isa = XCConfigurationList;
			buildConfigurations = (
				435E4379206D1B5A009E0530 /* Debug */,
				435E437A206D1B5A009E0530 /* Release */,
			);
			defaultConfigurationIsVisible = 0;
			defaultConfigurationName = Release;
		};
/* End XCConfigurationList section */

/* Begin XCVersionGroup section */
		435E436D206D1B5A009E0530 /* CalAgeApp.xcdatamodeld */ = {
			isa = XCVersionGroup;
			children = (
				435E436E206D1B5A009E0530 /* CalAgeApp.xcdatamodel */,
			);
			currentVersion = 435E436E206D1B5A009E0530 /* CalAgeApp.xcdatamodel */;
			path = CalAgeApp.xcdatamodeld;
			sourceTree = "<group>";
			versionGroupType = wrapper.xcdatamodel;
		};
/* End XCVersionGroup section */
	};
	rootObject = 435E435B206D1B5A009E0530 /* Project object */;
}
